
Microsoft Visual Studio Solution File, Format Version 12.00
# Visual Studio Version 17
VisualStudioVersion = 17.7.34003.232
MinimumVisualStudioVersion = 10.0.40219.1
Project("{8BC9CEB8-8B4A-11D0-8D11-00A0C91BC942}") = "dsa", "dsa-exp\dsa-exp.vcxproj", "{3503D2E3-845B-4FE5-8B90-664B312BCEBE}"
EndProject
Project("{8BC9CEB8-8B4A-11D0-8D11-00A0C91BC942}") = "ex1p2", "ex1p2\ex1p2.vcxproj", "{4DCA9C58-D5AE-42CA-83B2-974B623214D7}"
EndProject
Global
	GlobalSection(SolutionConfigurationPlatforms) = preSolution
		Debug|x64 = Debug|x64
		Debug|x86 = Debug|x86
		Release|x64 = Release|x64
		Release|x86 = Release|x86
	EndGlobalSection
	GlobalSection(ProjectConfigurationPlatforms) = postSolution
		{3503D2E3-845B-4FE5-8B90-664B312BCEBE}.Debug|x64.ActiveCfg = Debug|x64
		{3503D2E3-845B-4FE5-8B90-664B312BCEBE}.Debug|x64.Build.0 = Debug|x64
		{3503D2E3-845B-4FE5-8B90-664B312BCEBE}.Debug|x86.ActiveCfg = Debug|Win32
		{3503D2E3-845B-4FE5-8B90-664B312BCEBE}.Debug|x86.Build.0 = Debug|Win32
		{3503D2E3-845B-4FE5-8B90-664B312BCEBE}.Release|x64.ActiveCfg = Release|x64
		{3503D2E3-845B-4FE5-8B90-664B312BCEBE}.Release|x64.Build.0 = Release|x64
		{3503D2E3-845B-4FE5-8B90-664B312BCEBE}.Release|x86.ActiveCfg = Release|Win32
		{3503D2E3-845B-4FE5-8B90-664B312BCEBE}.Release|x86.Build.0 = Release|Win32
		{4DCA9C58-D5AE-42CA-83B2-974B623214D7}.Debug|x64.ActiveCfg = Debug|x64
		{4DCA9C58-D5AE-42CA-83B2-974B623214D7}.Debug|x64.Build.0 = Debug|x64
		{4DCA9C58-D5AE-42CA-83B2-974B623214D7}.Debug|x86.ActiveCfg = Debug|Win32
		{4DCA9C58-D5AE-42CA-83B2-974B623214D7}.Debug|x86.Build.0 = Debug|Win32
		{4DCA9C58-D5AE-42CA-83B2-974B623214D7}.Release|x64.ActiveCfg = Release|x64
		{4DCA9C58-D5AE-42CA-83B2-974B623214D7}.Release|x64.Build.0 = Release|x64
		{4DCA9C58-D5AE-42CA-83B2-974B623214D7}.Release|x86.ActiveCfg = Release|Win32
		{4DCA9C58-D5AE-42CA-83B2-974B623214D7}.Release|x86.Build.0 = Release|Win32
	EndGlobalSection
	GlobalSection(SolutionProperties) = preSolution
		HideSolutionNode = FALSE
	EndGlobalSection
	GlobalSection(ExtensibilityGlobals) = postSolution
		SolutionGuid = {79607505-9684-490E-9ABE-2566514D8BFC}
	EndGlobalSection
EndGlobal
